# AUTO-GENERATED by: ai-deploy catalog generate
# Source KB: (hand-written from sample docs) | Generated: 2026-04-30T14:30:00Z
# Run `ai-deploy catalog refresh` to update from KB changes
# Review diff before committing — this is the deterministic contract

schema_version: 1

products:
  - id: novamind-inference
    name: NovaMind Inference Server
    vendor: NovaMind AI
    category: ml-infrastructure
    kb_doc_prefix: ""

    interview:
      use_cases:
        - value: realtime-inference
          label: Real-Time Inference
          required_fields:
            - name: model_size_category
              type: enum
              options: [small, medium, large, very-large]
              doc_type: sizing
              description: "Model parameter count category: small (<7B), medium (7-13B), large (13-30B), very-large (30B+)"
            - name: target_latency_ms
              type: int
              doc_type: sizing
              description: "Target P99 inference latency in milliseconds"
            - name: target_throughput_rps
              type: int
              doc_type: sizing
              description: "Target requests per second at steady state"
          optional_fields:
            - name: model_framework
              type: enum
              options: [pytorch, tensorrt, onnx, triton]
              doc_type: configuration
              description: "ML framework / serving runtime"
            - name: quantization
              type: enum
              options: [none, fp16, int8, int4]
              doc_type: configuration
              description: "Model quantization level for performance vs accuracy tradeoff"

        - value: batch-inference
          label: Batch Inference
          required_fields:
            - name: dataset_size
              type: enum
              options: [small, medium, large, very-large]
              doc_type: sizing
              description: "Dataset size: small (<10K), medium (10K-100K), large (100K-1M), very-large (1M+)"
            - name: model_size_category
              type: enum
              options: [small, medium, large, very-large]
              doc_type: sizing
              description: "Model parameter count category"
            - name: completion_sla_hours
              type: int
              doc_type: architecture
              description: "Maximum acceptable time to complete the batch job (hours)"
          optional_fields:
            - name: use_spot
              type: bool
              doc_type: configuration
              description: "Whether to use Spot Instances for cost savings (requires checkpointing)"
            - name: priority
              type: enum
              options: [critical, standard, economy]
              doc_type: architecture
              description: "Job priority level affecting instance strategy and scheduling"

        - value: training
          label: Model Training
          required_fields:
            - name: training_type
              type: enum
              options: [fine-tuning, full-training, rlhf]
              doc_type: architecture
              description: "Type of training workload"
            - name: model_size_category
              type: enum
              options: [small, medium, large, very-large]
              doc_type: sizing
              description: "Model parameter count category"
            - name: dataset_size_gb
              type: int
              doc_type: sizing
              description: "Training dataset size in gigabytes"
          optional_fields:
            - name: distributed
              type: bool
              doc_type: architecture
              description: "Whether multi-node distributed training is needed"
            - name: target_training_hours
              type: int
              doc_type: sizing
              description: "Target wall-clock time for training completion (hours)"

      base_fields:
        blocking:
          - name: gpu_budget
            type: enum
            options: [minimal, moderate, high, unlimited]
            description: "GPU compute budget constraint"
          - name: availability_requirement
            type: enum
            options:
              - development
              - staging
              - production-single-az
              - production-multi-az
            description: "Availability and redundancy requirements"
          - name: data_sensitivity
            type: enum
            options: [public, internal, confidential, restricted]
            description: "Data classification level — affects encryption and network isolation"
          - name: solution_description
            type: str
            description: "Free-text description of the ML deployment use case"
        soft:
          - name: compliance
            type: list_str
            description: "Compliance frameworks (e.g., SOC2, HIPAA, GDPR)"
          - name: user_info
            type: object
            description: "User identification and experience level"
            fields:
              - name: name
                type: str
                description: "User's full name"
              - name: experience_on_cloud
                type: enum
                options: [beginner, intermediate, advanced]
                description: "Cloud experience level"

    appliance:
      interface_naming: "eni-{role}"
      approved_instance_types:
        - g5.xlarge
        - g5.2xlarge
        - g5.12xlarge
        - g5.48xlarge
        - p4d.24xlarge
        - p5.48xlarge
      interface_roles:
        inference:
          source_dest_check: true
          subnet_role: private
          description: "Primary inference traffic ENI"
        management:
          source_dest_check: true
          subnet_role: private
          description: "Management and monitoring ENI"
        storage:
          source_dest_check: true
          subnet_role: private
          description: "High-throughput storage access ENI (EFA/FSx)"

    patterns:
      - name: single-instance
        aliases: [single, standalone, dev]
        layers: [foundation, security, compute]
        description: "Single GPU instance for dev/staging or low-traffic inference"
      - name: auto-scaling-fleet
        aliases: [fleet, asg, auto-scaling]
        layers: [foundation, security, compute, scaling]
        description: "Auto-scaling GPU fleet behind ALB for production inference"
      - name: batch-processing
        aliases: [batch, step-functions, offline]
        layers: [foundation, security, compute, orchestration]
        description: "Spot-based batch processing with Step Functions orchestration"
      - name: distributed-training
        aliases: [training-cluster, multi-node, distributed]
        layers: [foundation, security, compute, storage, networking]
        description: "Multi-node training cluster with EFA and shared filesystem"

knowledge_base:
  search_template: "{product_name} {use_case} deployment AWS"
  document_types:
    - architecture
    - sizing
    - configuration
    - components
    - best-practices

guardrails:
  focus_topics:
    - "ML inference"
    - "GPU computing"
    - "AWS services"
    - "model deployment"
    - "training infrastructure"
  denied_topics:
    - "non-catalog products"
    - "network security appliances"
